// !$*UTF8*$!
{
	archiveVersion = 1;
	classes = {
	};
	objectVersion = 50;
	objects = {

/* Begin PBXBuildFile section */
		56EB8F3A216D9314009CB1F8 /* AppDelegate.swift in Sources */ = {isa = PBXBuildFile; fileRef = 56EB8F39216D9314009CB1F8 /* AppDelegate.swift */; };
		56EB8F3C216D9314009CB1F8 /* ViewController.swift in Sources */ = {isa = PBXBuildFile; fileRef = 56EB8F3B216D9314009CB1F8 /* ViewController.swift */; };
		56EB8F3F216D9314009CB1F8 /* Main.storyboard in Resources */ = {isa = PBXBuildFile; fileRef = 56EB8F3D216D9314009CB1F8 /* Main.storyboard */; };
		56EB8F41216D9316009CB1F8 /* Assets.xcassets in Resources */ = {isa = PBXBuildFile; fileRef = 56EB8F40216D9316009CB1F8 /* Assets.xcassets */; };
		56EB8F44216D9316009CB1F8 /* LaunchScreen.storyboard in Resources */ = {isa = PBXBuildFile; fileRef = 56EB8F42216D9316009CB1F8 /* LaunchScreen.storyboard */; };
		56EB8F4F216D9317009CB1F8 /* ChatBoxTests.swift in Sources */ = {isa = PBXBuildFile; fileRef = 56EB8F4E216D9317009CB1F8 /* ChatBoxTests.swift */; };
		56EB8F5A216D9317009CB1F8 /* ChatBoxUITests.swift in Sources */ = {isa = PBXBuildFile; fileRef = 56EB8F59216D9317009CB1F8 /* ChatBoxUITests.swift */; };
/* End PBXBuildFile section */

/* Begin PBXContainerItemProxy section */
		56EB8F4B216D9317009CB1F8 /* PBXContainerItemProxy */ = {
			isa = PBXContainerItemProxy;
			containerPortal = 56EB8F2E216D9314009CB1F8 /* Project object */;
			proxyType = 1;
			remoteGlobalIDString = 56EB8F35216D9314009CB1F8;
			remoteInfo = ChatBox;
		};
		56EB8F56216D9317009CB1F8 /* PBXContainerItemProxy */ = {
			isa = PBXContainerItemProxy;
			containerPortal = 56EB8F2E216D9314009CB1F8 /* Project object */;
			proxyType = 1;
			remoteGlobalIDString = 56EB8F35216D9314009CB1F8;
			remoteInfo = ChatBox;
		};
/* End PBXContainerItemProxy section */

/* Begin PBXFileReference section */
		56EB8F36216D9314009CB1F8 /* ChatBox.app */ = {isa = PBXFileReference; explicitFileType = wrapper.application; includeInIndex = 0; path = ChatBox.app; sourceTree = BUILT_PRODUCTS_DIR; };
		56EB8F39216D9314009CB1F8 /* AppDelegate.swift */ = {isa = PBXFileReference; lastKnownFileType = sourcecode.swift; path = AppDelegate.swift; sourceTree = "<group>"; };
		56EB8F3B216D9314009CB1F8 /* ViewController.swift */ = {isa = PBXFileReference; lastKnownFileType = sourcecode.swift; path = ViewController.swift; sourceTree = "<group>"; };
		56EB8F3E216D9314009CB1F8 /* Base */ = {isa = PBXFileReference; lastKnownFileType = file.storyboard; name = Base; path = Base.lproj/Main.storyboard; sourceTree = "<group>"; };
		56EB8F40216D9316009CB1F8 /* Assets.xcassets */ = {isa = PBXFileReference; lastKnownFileType = folder.assetcatalog; path = Assets.xcassets; sourceTree = "<group>"; };
		56EB8F43216D9316009CB1F8 /* Base */ = {isa = PBXFileReference; lastKnownFileType = file.storyboard; name = Base; path = Base.lproj/LaunchScreen.storyboard; sourceTree = "<group>"; };
		56EB8F45216D9316009CB1F8 /* Info.plist */ = {isa = PBXFileReference; lastKnownFileType = text.plist.xml; path = Info.plist; sourceTree = "<group>"; };
		56EB8F4A216D9317009CB1F8 /* ChatBoxTests.xctest */ = {isa = PBXFileReference; explicitFileType = wrapper.cfbundle; includeInIndex = 0; path = ChatBoxTests.xctest; sourceTree = BUILT_PRODUCTS_DIR; };
		56EB8F4E216D9317009CB1F8 /* ChatBoxTests.swift */ = {isa = PBXFileReference; lastKnownFileType = sourcecode.swift; path = ChatBoxTests.swift; sourceTree = "<group>"; };
		56EB8F50216D9317009CB1F8 /* Info.plist */ = {isa = PBXFileReference; lastKnownFileType = text.plist.xml; path = Info.plist; sourceTree = "<group>"; };
		56EB8F55216D9317009CB1F8 /* ChatBoxUITests.xctest */ = {isa = PBXFileReference; explicitFileType = wrapper.cfbundle; includeInIndex = 0; path = ChatBoxUITests.xctest; sourceTree = BUILT_PRODUCTS_DIR; };
		56EB8F59216D9317009CB1F8 /* ChatBoxUITests.swift */ = {isa = PBXFileReference; lastKnownFileType = sourcecode.swift; path = ChatBoxUITests.swift; sourceTree = "<group>"; };
		56EB8F5B216D9317009CB1F8 /* Info.plist */ = {isa = PBXFileReference; lastKnownFileType = text.plist.xml; path = Info.plist; sourceTree = "<group>"; };
/* End PBXFileReference section */

/* Begin PBXFrameworksBuildPhase section */
		56EB8F33216D9314009CB1F8 /* Frameworks */ = {
			isa = PBXFrameworksBuildPhase;
			buildActionMask = 2147483647;
			files = (
			);
			runOnlyForDeploymentPostprocessing = 0;
		};
		56EB8F47216D9317009CB1F8 /* Frameworks */ = {
			isa = PBXFrameworksBuildPhase;
			buildActionMask = 2147483647;
			files = (
			);
			runOnlyForDeploymentPostprocessing = 0;
		};
		56EB8F52216D9317009CB1F8 /* Frameworks */ = {
			isa = PBXFrameworksBuildPhase;
			buildActionMask = 2147483647;
			files = (
			);
			runOnlyForDeploymentPostprocessing = 0;
		};
/* End PBXFrameworksBuildPhase section */

/* Begin PBXGroup section */
		56EB8F2D216D9314009CB1F8 = {
			isa = PBXGroup;
			children = (
				56EB8F38216D9314009CB1F8 /* ChatBox */,
				56EB8F4D216D9317009CB1F8 /* ChatBoxTests */,
				56EB8F58216D9317009CB1F8 /* ChatBoxUITests */,
				56EB8F37216D9314009CB1F8 /* Products */,
			);
			sourceTree = "<group>";
		};
		56EB8F37216D9314009CB1F8 /* Products */ = {
			isa = PBXGroup;
			children = (
				56EB8F36216D9314009CB1F8 /* ChatBox.app */,
				56EB8F4A216D9317009CB1F8 /* ChatBoxTests.xctest */,
				56EB8F55216D9317009CB1F8 /* ChatBoxUITests.xctest */,
			);
			name = Products;
			sourceTree = "<group>";
		};
		56EB8F38216D9314009CB1F8 /* ChatBox */ = {
			isa = PBXGroup;
			children = (
				56EB8F39216D9314009CB1F8 /* AppDelegate.swift */,
				56EB8F3B216D9314009CB1F8 /* ViewController.swift */,
				56EB8F3D216D9314009CB1F8 /* Main.storyboard */,
				56EB8F40216D9316009CB1F8 /* Assets.xcassets */,
				56EB8F42216D9316009CB1F8 /* LaunchScreen.storyboard */,
				56EB8F45216D9316009CB1F8 /* Info.plist */,
			);
			path = ChatBox;
			sourceTree = "<group>";
		};
		56EB8F4D216D9317009CB1F8 /* ChatBoxTests */ = {
			isa = PBXGroup;
			children = (
				56EB8F4E216D9317009CB1F8 /* ChatBoxTests.swift */,
				56EB8F50216D9317009CB1F8 /* Info.plist */,
			);
			path = ChatBoxTests;
			sourceTree = "<group>";
		};
		56EB8F58216D9317009CB1F8 /* ChatBoxUITests */ = {
			isa = PBXGroup;
			children = (
				56EB8F59216D9317009CB1F8 /* ChatBoxUITests.swift */,
				56EB8F5B216D9317009CB1F8 /* Info.plist */,
			);
			path = ChatBoxUITests;
			sourceTree = "<group>";
		};
/* End PBXGroup section */

/* Begin PBXNativeTarget section */
		56EB8F35216D9314009CB1F8 /* ChatBox */ = {
			isa = PBXNativeTarget;
			buildConfigurationList = 56EB8F5E216D9317009CB1F8 /* Build configuration list for PBXNativeTarget "ChatBox" */;
			buildPhases = (
				56EB8F32216D9314009CB1F8 /* Sources */,
				56EB8F33216D9314009CB1F8 /* Frameworks */,
				56EB8F34216D9314009CB1F8 /* Resources */,
			);
			buildRules = (
			);
			dependencies = (
			);
			name = ChatBox;
			productName = ChatBox;
			productReference = 56EB8F36216D9314009CB1F8 /* ChatBox.app */;
			productType = "com.apple.product-type.application";
		};
		56EB8F49216D9317009CB1F8 /* ChatBoxTests */ = {
			isa = PBXNativeTarget;
			buildConfigurationList = 56EB8F61216D9317009CB1F8 /* Build configuration list for PBXNativeTarget "ChatBoxTests" */;
			buildPhases = (
				56EB8F46216D9317009CB1F8 /* Sources */,
				56EB8F47216D9317009CB1F8 /* Frameworks */,
				56EB8F48216D9317009CB1F8 /* Resources */,
			);
			buildRules = (
			);
			dependencies = (
				56EB8F4C216D9317009CB1F8 /* PBXTargetDependency */,
			);
			name = ChatBoxTests;
			productName = ChatBoxTests;
			productReference = 56EB8F4A216D9317009CB1F8 /* ChatBoxTests.xctest */;
			productType = "com.apple.product-type.bundle.unit-test";
		};
		56EB8F54216D9317009CB1F8 /* ChatBoxUITests */ = {
			isa = PBXNativeTarget;
			buildConfigurationList = 56EB8F64216D9317009CB1F8 /* Build configuration list for PBXNativeTarget "ChatBoxUITests" */;
			buildPhases = (
				56EB8F51216D9317009CB1F8 /* Sources */,
				56EB8F52216D9317009CB1F8 /* Frameworks */,
				56EB8F53216D9317009CB1F8 /* Resources */,
			);
			buildRules = (
			);
			dependencies = (
				56EB8F57216D9317009CB1F8 /* PBXTargetDependency */,
			);
			name = ChatBoxUITests;
			productName = ChatBoxUITests;
			productReference = 56EB8F55216D9317009CB1F8 /* ChatBoxUITests.xctest */;
			productType = "com.apple.product-type.bundle.ui-testing";
		};
/* End PBXNativeTarget section */

/* Begin PBXProject section */
		56EB8F2E216D9314009CB1F8 /* Project object */ = {
			isa = PBXProject;
			attributes = {
				LastSwiftUpdateCheck = 0940;
				LastUpgradeCheck = 0940;
				TargetAttributes = {
					56EB8F35216D9314009CB1F8 = {
						CreatedOnToolsVersion = 9.4.1;
					};
					56EB8F49216D9317009CB1F8 = {
						CreatedOnToolsVersion = 9.4.1;
						TestTargetID = 56EB8F35216D9314009CB1F8;
					};
					56EB8F54216D9317009CB1F8 = {
						CreatedOnToolsVersion = 9.4.1;
						TestTargetID = 56EB8F35216D9314009CB1F8;
					};
				};
			};
			buildConfigurationList = 56EB8F31216D9314009CB1F8 /* Build configuration list for PBXProject "ChatBox" */;
			compatibilityVersion = "Xcode 9.3";
			developmentRegion = en;
			hasScannedForEncodings = 0;
			knownRegions = (
				en,
				Base,
			);
			mainGroup = 56EB8F2D216D9314009CB1F8;
			productRefGroup = 56EB8F37216D9314009CB1F8 /* Products */;
			projectDirPath = "";
			projectRoot = "";
			targets = (
				56EB8F35216D9314009CB1F8 /* ChatBox */,
				56EB8F49216D9317009CB1F8 /* ChatBoxTests */,
				56EB8F54216D9317009CB1F8 /* ChatBoxUITests */,
			);
		};
/* End PBXProject section */

/* Begin PBXResourcesBuildPhase section */
		56EB8F34216D9314009CB1F8 /* Resources */ = {
			isa = PBXResourcesBuildPhase;
			buildActionMask = 2147483647;
			files = (
				56EB8F44216D9316009CB1F8 /* LaunchScreen.storyboard in Resources */,
				56EB8F41216D9316009CB1F8 /* Assets.xcassets in Resources */,
				56EB8F3F216D9314009CB1F8 /* Main.storyboard in Resources */,
			);
			runOnlyForDeploymentPostprocessing = 0;
		};
		56EB8F48216D9317009CB1F8 /* Resources */ = {
			isa = PBXResourcesBuildPhase;
			buildActionMask = 2147483647;
			files = (
			);
			runOnlyForDeploymentPostprocessing = 0;
		};
		56EB8F53216D9317009CB1F8 /* Resources */ = {
			isa = PBXResourcesBuildPhase;
			buildActionMask = 2147483647;
			files = (
			);
			runOnlyForDeploymentPostprocessing = 0;
		};
/* End PBXResourcesBuildPhase section */

/* Begin PBXSourcesBuildPhase section */
		56EB8F32216D9314009CB1F8 /* Sources */ = {
			isa = PBXSourcesBuildPhase;
			buildActionMask = 2147483647;
			files = (
				56EB8F3C216D9314009CB1F8 /* ViewController.swift in Sources */,
				56EB8F3A216D9314009CB1F8 /* AppDelegate.swift in Sources */,
			);
			runOnlyForDeploymentPostprocessing = 0;
		};
		56EB8F46216D9317009CB1F8 /* Sources */ = {
			isa = PBXSourcesBuildPhase;
			buildActionMask = 2147483647;
			files = (
				56EB8F4F216D9317009CB1F8 /* ChatBoxTests.swift in Sources */,
			);
			runOnlyForDeploymentPostprocessing = 0;
		};
		56EB8F51216D9317009CB1F8 /* Sources */ = {
			isa = PBXSourcesBuildPhase;
			buildActionMask = 2147483647;
			files = (
				56EB8F5A216D9317009CB1F8 /* ChatBoxUITests.swift in Sources */,
			);
			runOnlyForDeploymentPostprocessing = 0;
		};
/* End PBXSourcesBuildPhase section */

/* Begin PBXTargetDependency section */
		56EB8F4C216D9317009CB1F8 /* PBXTargetDependency */ = {
			isa = PBXTargetDependency;
			target = 56EB8F35216D9314009CB1F8 /* ChatBox */;
			targetProxy = 56EB8F4B216D9317009CB1F8 /* PBXContainerItemProxy */;
		};
		56EB8F57216D9317009CB1F8 /* PBXTargetDependency */ = {
			isa = PBXTargetDependency;
			target = 56EB8F35216D9314009CB1F8 /* ChatBox */;
			targetProxy = 56EB8F56216D9317009CB1F8 /* PBXContainerItemProxy */;
		};
/* End PBXTargetDependency section */

/* Begin PBXVariantGroup section */
		56EB8F3D216D9314009CB1F8 /* Main.storyboard */ = {
			isa = PBXVariantGroup;
			children = (
				56EB8F3E216D9314009CB1F8 /* Base */,
			);
			name = Main.storyboard;
			sourceTree = "<group>";
		};
		56EB8F42216D9316009CB1F8 /* LaunchScreen.storyboard */ = {
			isa = PBXVariantGroup;
			children = (
				56EB8F43216D9316009CB1F8 /* Base */,
			);
			name = LaunchScreen.storyboard;
			sourceTree = "<group>";
		};
/* End PBXVariantGroup section */

/* Begin XCBuildConfiguration section */
		56EB8F5C216D9317009CB1F8 /* Debug */ = {
			isa = XCBuildConfiguration;
			buildSettings = {
				ALWAYS_SEARCH_USER_PATHS = NO;
				CLANG_ANALYZER_NONNULL = YES;
				CLANG_ANALYZER_NUMBER_OBJECT_CONVERSION = YES_AGGRESSIVE;
				CLANG_CXX_LANGUAGE_STANDARD = "gnu++14";
				CLANG_CXX_LIBRARY = "libc++";
				CLANG_ENABLE_MODULES = YES;
				CLANG_ENABLE_OBJC_ARC = YES;
				CLANG_ENABLE_OBJC_WEAK = YES;
				CLANG_WARN_BLOCK_CAPTURE_AUTORELEASING = YES;
				CLANG_WARN_BOOL_CONVERSION = YES;
				CLANG_WARN_COMMA = YES;
				CLANG_WARN_CONSTANT_CONVERSION = YES;
				CLANG_WARN_DEPRECATED_OBJC_IMPLEMENTATIONS = YES;
				CLANG_WARN_DIRECT_OBJC_ISA_USAGE = YES_ERROR;
				CLANG_WARN_DOCUMENTATION_COMMENTS = YES;
				CLANG_WARN_EMPTY_BODY = YES;
				CLANG_WARN_ENUM_CONVERSION = YES;
				CLANG_WARN_INFINITE_RECURSION = YES;
				CLANG_WARN_INT_CONVERSION = YES;
				CLANG_WARN_NON_LITERAL_NULL_CONVERSION = YES;
				CLANG_WARN_OBJC_IMPLICIT_RETAIN_SELF = YES;
				CLANG_WARN_OBJC_LITERAL_CONVERSION = YES;
				CLANG_WARN_OBJC_ROOT_CLASS = YES_ERROR;
				CLANG_WARN_RANGE_LOOP_ANALYSIS = YES;
				CLANG_WARN_STRICT_PROTOTYPES = YES;
				CLANG_WARN_SUSPICIOUS_MOVE = YES;
				CLANG_WARN_UNGUARDED_AVAILABILITY = YES_AGGRESSIVE;
				CLANG_WARN_UNREACHABLE_CODE = YES;
				CLANG_WARN__DUPLICATE_METHOD_MATCH = YES;
				CODE_SIGN_IDENTITY = "iPhone Developer";
				COPY_PHASE_STRIP = NO;
				DEBUG_INFORMATION_FORMAT = dwarf;
				ENABLE_STRICT_OBJC_MSGSEND = YES;
				ENABLE_TESTABILITY = YES;
				GCC_C_LANGUAGE_STANDARD = gnu11;
				GCC_DYNAMIC_NO_PIC = NO;
				GCC_NO_COMMON_BLOCKS = YES;
				GCC_OPTIMIZATION_LEVEL = 0;
				GCC_PREPROCESSOR_DEFINITIONS = (
					"DEBUG=1",
					"$(inherited)",
				);
				GCC_WARN_64_TO_32_BIT_CONVERSION = YES;
				GCC_WARN_ABOUT_RETURN_TYPE = YES_ERROR;
				GCC_WARN_UNDECLARED_SELECTOR = YES;
				GCC_WARN_UNINITIALIZED_AUTOS = YES_AGGRESSIVE;
				GCC_WARN_UNUSED_FUNCTION = YES;
				GCC_WARN_UNUSED_VARIABLE = YES;
				IPHONEOS_DEPLOYMENT_TARGET = 11.4;
				MTL_ENABLE_DEBUG_INFO = YES;
				ONLY_ACTIVE_ARCH = YES;
				SDKROOT = iphoneos;
				SWIFT_ACTIVE_COMPILATION_CONDITIONS = DEBUG;
				SWIFT_OPTIMIZATION_LEVEL = "-Onone";
			};
			name = Debug;
		};
		56EB8F5D216D9317009CB1F8 /* Release */ = {
			isa = XCBuildConfiguration;
			buildSettings = {
				ALWAYS_SEARCH_USER_PATHS = NO;
				CLANG_ANALYZER_NONNULL = YES;
				CLANG_ANALYZER_NUMBER_OBJECT_CONVERSION = YES_AGGRESSIVE;
				CLANG_CXX_LANGUAGE_STANDARD = "gnu++14";
				CLANG_CXX_LIBRARY = "libc++";
				CLANG_ENABLE_MODULES = YES;
				CLANG_ENABLE_OBJC_ARC = YES;
				CLANG_ENABLE_OBJC_WEAK = YES;
				CLANG_WARN_BLOCK_CAPTURE_AUTORELEASING = YES;
				CLANG_WARN_BOOL_CONVERSION = YES;
				CLANG_WARN_COMMA = YES;
				CLANG_WARN_CONSTANT_CONVERSION = YES;
				CLANG_WARN_DEPRECATED_OBJC_IMPLEMENTATIONS = YES;
				CLANG_WARN_DIRECT_OBJC_ISA_USAGE = YES_ERROR;
				CLANG_WARN_DOCUMENTATION_COMMENTS = YES;
				CLANG_WARN_EMPTY_BODY = YES;
				CLANG_WARN_ENUM_CONVERSION = YES;
				CLANG_WARN_INFINITE_RECURSION = YES;
				CLANG_WARN_INT_CONVERSION = YES;
				CLANG_WARN_NON_LITERAL_NULL_CONVERSION = YES;
				CLANG_WARN_OBJC_IMPLICIT_RETAIN_SELF = YES;
				CLANG_WARN_OBJC_LITERAL_CONVERSION = YES;
				CLANG_WARN_OBJC_ROOT_CLASS = YES_ERROR;
				CLANG_WARN_RANGE_LOOP_ANALYSIS = YES;
				CLANG_WARN_STRICT_PROTOTYPES = YES;
				CLANG_WARN_SUSPICIOUS_MOVE = YES;
				CLANG_WARN_UNGUARDED_AVAILABILITY = YES_AGGRESSIVE;
				CLANG_WARN_UNREACHABLE_CODE = YES;
				CLANG_WARN__DUPLICATE_METHOD_MATCH = YES;
				CODE_SIGN_IDENTITY = "iPhone Developer";
				COPY_PHASE_STRIP = NO;
				DEBUG_INFORMATION_FORMAT = "dwarf-with-dsym";
				ENABLE_NS_ASSERTIONS = NO;
				ENABLE_STRICT_OBJC_MSGSEND = YES;
				GCC_C_LANGUAGE_STANDARD = gnu11;
				GCC_NO_COMMON_BLOCKS = YES;
				GCC_WARN_64_TO_32_BIT_CONVERSION = YES;
				GCC_WARN_ABOUT_RETURN_TYPE = YES_ERROR;
				GCC_WARN_UNDECLARED_SELECTOR = YES;
				GCC_WARN_UNINITIALIZED_AUTOS = YES_AGGRESSIVE;
				GCC_WARN_UNUSED_FUNCTION = YES;
				GCC_WARN_UNUSED_VARIABLE = YES;
				IPHONEOS_DEPLOYMENT_TARGET = 11.4;
				MTL_ENABLE_DEBUG_INFO = NO;
				SDKROOT = iphoneos;
				SWIFT_COMPILATION_MODE = wholemodule;
				SWIFT_OPTIMIZATION_LEVEL = "-O";
				VALIDATE_PRODUCT = YES;
			};
			name = Release;
		};
		56EB8F5F216D9317009CB1F8 /* Debug */ = {
			isa = XCBuildConfiguration;
			buildSettings = {
				ASSETCATALOG_COMPILER_APPICON_NAME = AppIcon;
				CODE_SIGN_STYLE = Automatic;
				DEVELOPMENT_TEAM = C528296QNY;
				INFOPLIST_FILE = ChatBox/Info.plist;
				LD_RUNPATH_SEARCH_PATHS = (
					"$(inherited)",
					"@executable_path/Frameworks",
				);
				PRODUCT_BUNDLE_IDENTIFIER = com.codepath.ChatBox;
				PRODUCT_NAME = "$(TARGET_NAME)";
				SWIFT_VERSION = 4.0;
				TARGETED_DEVICE_FAMILY = "1,2";
			};
			name = Debug;
		};
		56EB8F60216D9317009CB1F8 /* Release */ = {
			isa = XCBuildConfiguration;
			buildSettings = {
				ASSETCATALOG_COMPILER_APPICON_NAME = AppIcon;
				CODE_SIGN_STYLE = Automatic;
				DEVELOPMENT_TEAM = C528296QNY;
				INFOPLIST_FILE = ChatBox/Info.plist;
				LD_RUNPATH_SEARCH_PATHS = (
					"$(inherited)",
					"@executable_path/Frameworks",
				);
				PRODUCT_BUNDLE_IDENTIFIER = com.codepath.ChatBox;
				PRODUCT_NAME = "$(TARGET_NAME)";
				SWIFT_VERSION = 4.0;
				TARGETED_DEVICE_FAMILY = "1,2";
			};
			name = Release;
		};
		56EB8F62216D9317009CB1F8 /* Debug */ = {
			isa = XCBuildConfiguration;
			buildSettings = {
				ALWAYS_EMBED_SWIFT_STANDARD_LIBRARIES = YES;
				BUNDLE_LOADER = "$(TEST_HOST)";
				CODE_SIGN_STYLE = Automatic;
				DEVELOPMENT_TEAM = C528296QNY;
				INFOPLIST_FILE = ChatBoxTests/Info.plist;
				LD_RUNPATH_SEARCH_PATHS = (
					"$(inherited)",
					"@executable_path/Frameworks",
					"@loader_path/Frameworks",
				);
				PRODUCT_BUNDLE_IDENTIFIER = com.codepath.ChatBoxTests;
				PRODUCT_NAME = "$(TARGET_NAME)";
				SWIFT_VERSION = 4.0;
				TARGETED_DEVICE_FAMILY = "1,2";
				TEST_HOST = "$(BUILT_PRODUCTS_DIR)/ChatBox.app/ChatBox";
			};
			name = Debug;
		};
		56EB8F63216D9317009CB1F8 /* Release */ = {
			isa = XCBuildConfiguration;
			buildSettings = {
				ALWAYS_EMBED_SWIFT_STANDARD_LIBRARIES = YES;
				BUNDLE_LOADER = "$(TEST_HOST)";
				CODE_SIGN_STYLE = Automatic;
				DEVELOPMENT_TEAM = C528296QNY;
				INFOPLIST_FILE = ChatBoxTests/Info.plist;
				LD_RUNPATH_SEARCH_PATHS = (
					"$(inherited)",
					"@executable_path/Frameworks",
					"@loader_path/Frameworks",
				);
				PRODUCT_BUNDLE_IDENTIFIER = com.codepath.ChatBoxTests;
				PRODUCT_NAME = "$(TARGET_NAME)";
				SWIFT_VERSION = 4.0;
				TARGETED_DEVICE_FAMILY = "1,2";
				TEST_HOST = "$(BUILT_PRODUCTS_DIR)/ChatBox.app/ChatBox";
			};
			name = Release;
		};
		56EB8F65216D9317009CB1F8 /* Debug */ = {
			isa = XCBuildConfiguration;
			buildSettings = {
				ALWAYS_EMBED_SWIFT_STANDARD_LIBRARIES = YES;
				CODE_SIGN_STYLE = Automatic;
				DEVELOPMENT_TEAM = C528296QNY;
				INFOPLIST_FILE = ChatBoxUITests/Info.plist;
				LD_RUNPATH_SEARCH_PATHS = (
					"$(inherited)",
					"@executable_path/Frameworks",
					"@loader_path/Frameworks",
				);
				PRODUCT_BUNDLE_IDENTIFIER = com.codepath.ChatBoxUITests;
				PRODUCT_NAME = "$(TARGET_NAME)";
				SWIFT_VERSION = 4.0;
				TARGETED_DEVICE_FAMILY = "1,2";
				TEST_TARGET_NAME = ChatBox;
			};
			name = Debug;
		};
		56EB8F66216D9317009CB1F8 /* Release */ = {
			isa = XCBuildConfiguration;
			buildSettings = {
				ALWAYS_EMBED_SWIFT_STANDARD_LIBRARIES = YES;
				CODE_SIGN_STYLE = Automatic;
				DEVELOPMENT_TEAM = C528296QNY;
				INFOPLIST_FILE = ChatBoxUITests/Info.plist;
				LD_RUNPATH_SEARCH_PATHS = (
					"$(inherited)",
					"@executable_path/Frameworks",
					"@loader_path/Frameworks",
				);
				PRODUCT_BUNDLE_IDENTIFIER = com.codepath.ChatBoxUITests;
				PRODUCT_NAME = "$(TARGET_NAME)";
				SWIFT_VERSION = 4.0;
				TARGETED_DEVICE_FAMILY = "1,2";
				TEST_TARGET_NAME = ChatBox;
			};
			name = Release;
		};
/* End XCBuildConfiguration section */

/* Begin XCConfigurationList section */
		56EB8F31216D9314009CB1F8 /* Build configuration list for PBXProject "ChatBox" */ = {
			isa = XCConfigurationList;
			buildConfigurations = (
				56EB8F5C216D9317009CB1F8 /* Debug */,
				56EB8F5D216D9317009CB1F8 /* Release */,
			);
			defaultConfigurationIsVisible = 0;
			defaultConfigurationName = Release;
		};
		56EB8F5E216D9317009CB1F8 /* Build configuration list for PBXNativeTarget "ChatBox" */ = {
			isa = XCConfigurationList;
			buildConfigurations = (
				56EB8F5F216D9317009CB1F8 /* Debug */,
				56EB8F60216D9317009CB1F8 /* Release */,
			);
			defaultConfigurationIsVisible = 0;
			defaultConfigurationName = Release;
		};
		56EB8F61216D9317009CB1F8 /* Build configuration list for PBXNativeTarget "ChatBoxTests" */ = {
			isa = XCConfigurationList;
			buildConfigurations = (
				56EB8F62216D9317009CB1F8 /* Debug */,
				56EB8F63216D9317009CB1F8 /* Release */,
			);
			defaultConfigurationIsVisible = 0;
			defaultConfigurationName = Release;
		};
		56EB8F64216D9317009CB1F8 /* Build configuration list for PBXNativeTarget "ChatBoxUITests" */ = {
			isa = XCConfigurationList;
			buildConfigurations = (
				56EB8F65216D9317009CB1F8 /* Debug */,
				56EB8F66216D9317009CB1F8 /* Release */,
			);
			defaultConfigurationIsVisible = 0;
			defaultConfigurationName = Release;
		};
/* End XCConfigurationList section */
	};
	rootObject = 56EB8F2E216D9314009CB1F8 /* Project object */;
}
